// !$*UTF8*$!
{
	archiveVersion = 1;
	classes = {
	};
	objectVersion = 56;
	objects = {

/* Begin PBXBuildFile section */
		A00000000000000000000030 /* GreenApp.swift in Sources */ = {isa = PBXBuildFile; fileRef = A00000000000000000000010 /* GreenApp.swift */; };
		A00000000000000000000031 /* PlantDashboardView.swift in Sources */ = {isa = PBXBuildFile; fileRef = A00000000000000000000011 /* PlantDashboardView.swift */; };
		A00000000000000000000032 /* AppTheme.swift in Sources */ = {isa = PBXBuildFile; fileRef = A00000000000000000000012 /* AppTheme.swift */; };
		A00000000000000000000033 /* PersistenceController.swift in Sources */ = {isa = PBXBuildFile; fileRef = A00000000000000000000013 /* PersistenceController.swift */; };
		A00000000000000000000034 /* Plant+CoreDataClass.swift in Sources */ = {isa = PBXBuildFile; fileRef = A00000000000000000000014 /* Plant+CoreDataClass.swift */; };
		A00000000000000000000035 /* Plant+CoreDataProperties.swift in Sources */ = {isa = PBXBuildFile; fileRef = A00000000000000000000015 /* Plant+CoreDataProperties.swift */; };
		A00000000000000000000036 /* GrowthRecord+CoreDataClass.swift in Sources */ = {isa = PBXBuildFile; fileRef = A00000000000000000000016 /* GrowthRecord+CoreDataClass.swift */; };
		A00000000000000000000037 /* GrowthRecord+CoreDataProperties.swift in Sources */ = {isa = PBXBuildFile; fileRef = A00000000000000000000017 /* GrowthRecord+CoreDataProperties.swift */; };
		A00000000000000000000038 /* PhotoLibraryService.swift in Sources */ = {isa = PBXBuildFile; fileRef = A00000000000000000000018 /* PhotoLibraryService.swift */; };
		A00000000000000000000039 /* NotificationPermissionService.swift in Sources */ = {isa = PBXBuildFile; fileRef = A00000000000000000000019 /* NotificationPermissionService.swift */; };
		A0000000000000000000003A /* GrowthAnimationService.swift in Sources */ = {isa = PBXBuildFile; fileRef = A0000000000000000000001A /* GrowthAnimationService.swift */; };
		A0000000000000000000003B /* PlantHealthAnalysisService.swift in Sources */ = {isa = PBXBuildFile; fileRef = A0000000000000000000001B /* PlantHealthAnalysisService.swift */; };
		A0000000000000000000003C /* Assets.xcassets in Resources */ = {isa = PBXBuildFile; fileRef = A0000000000000000000001C /* Assets.xcassets */; };
		A0000000000000000000003D /* GreenModel.xcdatamodeld in Resources */ = {isa = PBXBuildFile; fileRef = A0000000000000000000001D /* GreenModel.xcdatamodeld */; };
/* End PBXBuildFile section */

/* Begin PBXFileReference section */
		A00000000000000000000010 /* GreenApp.swift */ = {isa = PBXFileReference; lastKnownFileType = sourcecode.swift; path = GreenApp.swift; sourceTree = "<group>"; };
		A00000000000000000000011 /* PlantDashboardView.swift */ = {isa = PBXFileReference; lastKnownFileType = sourcecode.swift; path = PlantDashboardView.swift; sourceTree = "<group>"; };
		A00000000000000000000012 /* AppTheme.swift */ = {isa = PBXFileReference; lastKnownFileType = sourcecode.swift; path = AppTheme.swift; sourceTree = "<group>"; };
		A00000000000000000000013 /* PersistenceController.swift */ = {isa = PBXFileReference; lastKnownFileType = sourcecode.swift; path = PersistenceController.swift; sourceTree = "<group>"; };
		A00000000000000000000014 /* Plant+CoreDataClass.swift */ = {isa = PBXFileReference; lastKnownFileType = sourcecode.swift; path = "Plant+CoreDataClass.swift"; sourceTree = "<group>"; };
		A00000000000000000000015 /* Plant+CoreDataProperties.swift */ = {isa = PBXFileReference; lastKnownFileType = sourcecode.swift; path = "Plant+CoreDataProperties.swift"; sourceTree = "<group>"; };
		A00000000000000000000016 /* GrowthRecord+CoreDataClass.swift */ = {isa = PBXFileReference; lastKnownFileType = sourcecode.swift; path = "GrowthRecord+CoreDataClass.swift"; sourceTree = "<group>"; };
		A00000000000000000000017 /* GrowthRecord+CoreDataProperties.swift */ = {isa = PBXFileReference; lastKnownFileType = sourcecode.swift; path = "GrowthRecord+CoreDataProperties.swift"; sourceTree = "<group>"; };
		A00000000000000000000018 /* PhotoLibraryService.swift */ = {isa = PBXFileReference; lastKnownFileType = sourcecode.swift; path = PhotoLibraryService.swift; sourceTree = "<group>"; };
		A00000000000000000000019 /* NotificationPermissionService.swift */ = {isa = PBXFileReference; lastKnownFileType = sourcecode.swift; path = NotificationPermissionService.swift; sourceTree = "<group>"; };
		A0000000000000000000001A /* GrowthAnimationService.swift */ = {isa = PBXFileReference; lastKnownFileType = sourcecode.swift; path = GrowthAnimationService.swift; sourceTree = "<group>"; };
		A0000000000000000000001B /* PlantHealthAnalysisService.swift */ = {isa = PBXFileReference; lastKnownFileType = sourcecode.swift; path = PlantHealthAnalysisService.swift; sourceTree = "<group>"; };
		A0000000000000000000001C /* Assets.xcassets */ = {isa = PBXFileReference; lastKnownFileType = folder.assetcatalog; path = Assets.xcassets; sourceTree = "<group>"; };
		A0000000000000000000001D /* GreenModel.xcdatamodeld */ = {isa = PBXFileReference; lastKnownFileType = wrapper.xcdatamodeld; path = GreenModel.xcdatamodeld; sourceTree = "<group>"; };
		A0000000000000000000001E /* Info.plist */ = {isa = PBXFileReference; lastKnownFileType = text.plist.xml; path = Info.plist; sourceTree = "<group>"; };
		A00000000000000000000025 /* Green.app */ = {isa = PBXFileReference; explicitFileType = wrapper.application; includeInIndex = 0; path = Green.app; sourceTree = BUILT_PRODUCTS_DIR; };
/* End PBXFileReference section */

/* Begin PBXFrameworksBuildPhase section */
		A00000000000000000000041 /* Frameworks */ = {
			isa = PBXFrameworksBuildPhase;
			buildActionMask = 2147483647;
			files = (
			);
			runOnlyForDeploymentPostprocessing = 0;
		};
/* End PBXFrameworksBuildPhase section */

/* Begin PBXGroup section */
		A00000000000000000000002 = {
			isa = PBXGroup;
			children = (
				A00000000000000000000004 /* Green */,
				A00000000000000000000003 /* Products */,
			);
			sourceTree = "<group>";
		};
		A00000000000000000000003 /* Products */ = {
			isa = PBXGroup;
			children = (
				A00000000000000000000025 /* Green.app */,
			);
			name = Products;
			sourceTree = "<group>";
		};
		A00000000000000000000004 /* Green */ = {
			isa = PBXGroup;
			children = (
				A00000000000000000000010 /* GreenApp.swift */,
				A00000000000000000000022 /* Features */,
				A00000000000000000000020 /* DesignSystem */,
				A00000000000000000000021 /* Persistence */,
				A00000000000000000000024 /* Services */,
				A0000000000000000000001C /* Assets.xcassets */,
				A0000000000000000000001D /* GreenModel.xcdatamodeld */,
				A0000000000000000000001E /* Info.plist */,
			);
			path = Green;
			sourceTree = "<group>";
		};
		A00000000000000000000020 /* DesignSystem */ = {
			isa = PBXGroup;
			children = (
				A00000000000000000000012 /* AppTheme.swift */,
			);
			path = DesignSystem;
			sourceTree = "<group>";
		};
		A00000000000000000000021 /* Persistence */ = {
			isa = PBXGroup;
			children = (
				A00000000000000000000013 /* PersistenceController.swift */,
				A00000000000000000000014 /* Plant+CoreDataClass.swift */,
				A00000000000000000000015 /* Plant+CoreDataProperties.swift */,
				A00000000000000000000016 /* GrowthRecord+CoreDataClass.swift */,
				A00000000000000000000017 /* GrowthRecord+CoreDataProperties.swift */,
			);
			path = Persistence;
			sourceTree = "<group>";
		};
		A00000000000000000000022 /* Features */ = {
			isa = PBXGroup;
			children = (
				A00000000000000000000023 /* Plants */,
			);
			path = Features;
			sourceTree = "<group>";
		};
		A00000000000000000000023 /* Plants */ = {
			isa = PBXGroup;
			children = (
				A00000000000000000000011 /* PlantDashboardView.swift */,
			);
			path = Plants;
			sourceTree = "<group>";
		};
		A00000000000000000000024 /* Services */ = {
			isa = PBXGroup;
			children = (
				A00000000000000000000018 /* PhotoLibraryService.swift */,
				A00000000000000000000019 /* NotificationPermissionService.swift */,
				A0000000000000000000001A /* GrowthAnimationService.swift */,
				A0000000000000000000001B /* PlantHealthAnalysisService.swift */,
			);
			path = Services;
			sourceTree = "<group>";
		};
/* End PBXGroup section */

/* Begin PBXNativeTarget section */
		A00000000000000000000060 /* Green */ = {
			isa = PBXNativeTarget;
			buildConfigurationList = A00000000000000000000051 /* Build configuration list for PBXNativeTarget "Green" */;
			buildPhases = (
				A00000000000000000000040 /* Sources */,
				A00000000000000000000041 /* Frameworks */,
				A00000000000000000000042 /* Resources */,
			);
			buildRules = (
			);
			dependencies = (
			);
			name = Green;
			productName = Green;
			productReference = A00000000000000000000025 /* Green.app */;
			productType = "com.apple.product-type.application";
		};
/* End PBXNativeTarget section */

/* Begin PBXProject section */
		A00000000000000000000061 /* Project object */ = {
			isa = PBXProject;
			attributes = {
				BuildIndependentTargetsInParallel = 1;
				LastUpgradeCheck = 2604;
				TargetAttributes = {
					A00000000000000000000060 = {
						CreatedOnToolsVersion = 26.4;
					};
				};
			};
			buildConfigurationList = A00000000000000000000050 /* Build configuration list for PBXProject "Green" */;
			compatibilityVersion = "Xcode 15.0";
			developmentRegion = en;
			hasScannedForEncodings = 0;
			knownRegions = (
				en,
				Base,
			);
			mainGroup = A00000000000000000000002;
			productRefGroup = A00000000000000000000003 /* Products */;
			projectDirPath = "";
			projectRoot = "";
			targets = (
				A00000000000000000000060 /* Green */,
			);
		};
/* End PBXProject section */

/* Begin PBXResourcesBuildPhase section */
		A00000000000000000000042 /* Resources */ = {
			isa = PBXResourcesBuildPhase;
			buildActionMask = 2147483647;
			files = (
				A0000000000000000000003C /* Assets.xcassets in Resources */,
				A0000000000000000000003D /* GreenModel.xcdatamodeld in Resources */,
			);
			runOnlyForDeploymentPostprocessing = 0;
		};
/* End PBXResourcesBuildPhase section */

/* Begin PBXSourcesBuildPhase section */
		A00000000000000000000040 /* Sources */ = {
			isa = PBXSourcesBuildPhase;
			buildActionMask = 2147483647;
			files = (
				A00000000000000000000030 /* GreenApp.swift in Sources */,
				A00000000000000000000031 /* PlantDashboardView.swift in Sources */,
				A00000000000000000000032 /* AppTheme.swift in Sources */,
				A00000000000000000000033 /* PersistenceController.swift in Sources */,
				A00000000000000000000034 /* Plant+CoreDataClass.swift in Sources */,
				A00000000000000000000035 /* Plant+CoreDataProperties.swift in Sources */,
				A00000000000000000000036 /* GrowthRecord+CoreDataClass.swift in Sources */,
				A00000000000000000000037 /* GrowthRecord+CoreDataProperties.swift in Sources */,
				A00000000000000000000038 /* PhotoLibraryService.swift in Sources */,
				A00000000000000000000039 /* NotificationPermissionService.swift in Sources */,
				A0000000000000000000003A /* GrowthAnimationService.swift in Sources */,
				A0000000000000000000003B /* PlantHealthAnalysisService.swift in Sources */,
			);
			runOnlyForDeploymentPostprocessing = 0;
		};
/* End PBXSourcesBuildPhase section */

/* Begin XCBuildConfiguration section */
		A00000000000000000000052 /* Debug */ = {
			isa = XCBuildConfiguration;
			buildSettings = {
				ALWAYS_SEARCH_USER_PATHS = NO;
				CLANG_ANALYZER_NONNULL = YES;
				CLANG_ANALYZER_NUMBER_OBJECT_CONVERSION = YES_AGGRESSIVE;
				CLANG_CXX_LANGUAGE_STANDARD = "gnu++20";
				CLANG_ENABLE_MODULES = YES;
				CLANG_ENABLE_OBJC_ARC = YES;
				CLANG_WARN_BLOCK_CAPTURE_AUTORELEASING = YES;
				CLANG_WARN_BOOL_CONVERSION = YES;
				CLANG_WARN_COMMA = YES;
				CLANG_WARN_CONSTANT_CONVERSION = YES;
				CLANG_WARN_DEPRECATED_OBJC_IMPLEMENTATIONS = YES;
				CLANG_WARN_DIRECT_OBJC_ISA_USAGE = YES_ERROR;
				CLANG_WARN_DOCUMENTATION_COMMENTS = YES;
				CLANG_WARN_EMPTY_BODY = YES;
				CLANG_WARN_ENUM_CONVERSION = YES;
				CLANG_WARN_INFINITE_RECURSION = YES;
				CLANG_WARN_INT_CONVERSION = YES;
				CLANG_WARN_NON_LITERAL_NULL_CONVERSION = YES;
				CLANG_WARN_OBJC_IMPLICIT_RETAIN_SELF = YES;
				CLANG_WARN_OBJC_LITERAL_CONVERSION = YES;
				CLANG_WARN_OBJC_ROOT_CLASS = YES_ERROR;
				CLANG_WARN_QUOTED_INCLUDE_IN_FRAMEWORK_HEADER = YES;
				CLANG_WARN_RANGE_LOOP_ANALYSIS = YES;
				CLANG_WARN_STRICT_PROTOTYPES = YES;
				CLANG_WARN_SUSPICIOUS_MOVE = YES;
				CLANG_WARN_UNGUARDED_AVAILABILITY = YES_AGGRESSIVE;
				CLANG_WARN_UNREACHABLE_CODE = YES;
				CLANG_WARN__DUPLICATE_METHOD_MATCH = YES;
				COPY_PHASE_STRIP = NO;
				DEBUG_INFORMATION_FORMAT = dwarf;
				ENABLE_STRICT_OBJC_MSGSEND = YES;
				ENABLE_TESTABILITY = YES;
				GCC_C_LANGUAGE_STANDARD = gnu17;
				GCC_DYNAMIC_NO_PIC = NO;
				GCC_NO_COMMON_BLOCKS = YES;
				GCC_OPTIMIZATION_LEVEL = 0;
				GCC_PREPROCESSOR_DEFINITIONS = (
					"DEBUG=1",
					"$(inherited)",
				);
				GCC_WARN_64_TO_32_BIT_CONVERSION = YES;
				GCC_WARN_ABOUT_RETURN_TYPE = YES_ERROR;
				GCC_WARN_UNDECLARED_SELECTOR = YES;
				GCC_WARN_UNINITIALIZED_AUTOS = YES_AGGRESSIVE;
				GCC_WARN_UNUSED_FUNCTION = YES;
				GCC_WARN_UNUSED_VARIABLE = YES;
				IPHONEOS_DEPLOYMENT_TARGET = 16.0;
				LOCALIZATION_PREFERS_STRING_CATALOGS = YES;
				MTL_ENABLE_DEBUG_INFO = INCLUDE_SOURCE;
				MTL_FAST_MATH = YES;
				ONLY_ACTIVE_ARCH = YES;
					SWIFT_ACTIVE_COMPILATION_CONDITIONS = DEBUG;
			};
			name = Debug;
		};
		A00000000000000000000053 /* Release */ = {
			isa = XCBuildConfiguration;
			buildSettings = {
				ALWAYS_SEARCH_USER_PATHS = NO;
				CLANG_ANALYZER_NONNULL = YES;
				CLANG_ANALYZER_NUMBER_OBJECT_CONVERSION = YES_AGGRESSIVE;
				CLANG_CXX_LANGUAGE_STANDARD = "gnu++20";
				CLANG_ENABLE_MODULES = YES;
				CLANG_ENABLE_OBJC_ARC = YES;
				CLANG_WARN_BLOCK_CAPTURE_AUTORELEASING = YES;
				CLANG_WARN_BOOL_CONVERSION = YES;
				CLANG_WARN_COMMA = YES;
				CLANG_WARN_CONSTANT_CONVERSION = YES;
				CLANG_WARN_DEPRECATED_OBJC_IMPLEMENTATIONS = YES;
				CLANG_WARN_DIRECT_OBJC_ISA_USAGE = YES_ERROR;
				CLANG_WARN_DOCUMENTATION_COMMENTS = YES;
				CLANG_WARN_EMPTY_BODY = YES;
				CLANG_WARN_ENUM_CONVERSION = YES;
				CLANG_WARN_INFINITE_RECURSION = YES;
				CLANG_WARN_INT_CONVERSION = YES;
				CLANG_WARN_NON_LITERAL_NULL_CONVERSION = YES;
				CLANG_WARN_OBJC_IMPLICIT_RETAIN_SELF = YES;
				CLANG_WARN_OBJC_LITERAL_CONVERSION = YES;
				CLANG_WARN_OBJC_ROOT_CLASS = YES_ERROR;
				CLANG_WARN_QUOTED_INCLUDE_IN_FRAMEWORK_HEADER = YES;
				CLANG_WARN_RANGE_LOOP_ANALYSIS = YES;
				CLANG_WARN_STRICT_PROTOTYPES = YES;
				CLANG_WARN_SUSPICIOUS_MOVE = YES;
				CLANG_WARN_UNGUARDED_AVAILABILITY = YES_AGGRESSIVE;
				CLANG_WARN_UNREACHABLE_CODE = YES;
				CLANG_WARN__DUPLICATE_METHOD_MATCH = YES;
				COPY_PHASE_STRIP = NO;
				DEBUG_INFORMATION_FORMAT = "dwarf-with-dsym";
				ENABLE_NS_ASSERTIONS = NO;
				ENABLE_STRICT_OBJC_MSGSEND = YES;
				GCC_C_LANGUAGE_STANDARD = gnu17;
				GCC_NO_COMMON_BLOCKS = YES;
				GCC_WARN_64_TO_32_BIT_CONVERSION = YES;
				GCC_WARN_ABOUT_RETURN_TYPE = YES_ERROR;
				GCC_WARN_UNDECLARED_SELECTOR = YES;
				GCC_WARN_UNINITIALIZED_AUTOS = YES_AGGRESSIVE;
				GCC_WARN_UNUSED_FUNCTION = YES;
				GCC_WARN_UNUSED_VARIABLE = YES;
				IPHONEOS_DEPLOYMENT_TARGET = 16.0;
				LOCALIZATION_PREFERS_STRING_CATALOGS = YES;
				MTL_FAST_MATH = YES;
					SWIFT_COMPILATION_MODE = wholemodule;
				VALIDATE_PRODUCT = YES;
			};
			name = Release;
		};
		A00000000000000000000054 /* Debug */ = {
			isa = XCBuildConfiguration;
				buildSettings = {
					ASSETCATALOG_COMPILER_APPICON_NAME = AppIcon;
					ASSETCATALOG_COMPILER_GLOBAL_ACCENT_COLOR_NAME = AccentColor;
					"CODE_SIGNING_ALLOWED[sdk=iphonesimulator*]" = NO;
					"CODE_SIGNING_REQUIRED[sdk=iphonesimulator*]" = NO;
					"CODE_SIGN_IDENTITY[sdk=iphonesimulator*]" = "";
					CODE_SIGN_STYLE = Automatic;
					CURRENT_PROJECT_VERSION = 1;
					GENERATE_INFOPLIST_FILE = NO;
					INFOPLIST_FILE = Green/Info.plist;
				IPHONEOS_DEPLOYMENT_TARGET = 16.0;
				LD_RUNPATH_SEARCH_PATHS = (
					"$(inherited)",
					"@executable_path/Frameworks",
				);
					MARKETING_VERSION = 1.0;
					PRODUCT_BUNDLE_IDENTIFIER = com.local.green;
					PRODUCT_NAME = "$(TARGET_NAME)";
					SUPPORTED_PLATFORMS = "iphoneos iphonesimulator";
					SWIFT_EMIT_LOC_STRINGS = YES;
					SWIFT_VERSION = 5.0;
					TARGETED_DEVICE_FAMILY = 1;
			};
			name = Debug;
		};
		A00000000000000000000055 /* Release */ = {
			isa = XCBuildConfiguration;
				buildSettings = {
					ASSETCATALOG_COMPILER_APPICON_NAME = AppIcon;
					ASSETCATALOG_COMPILER_GLOBAL_ACCENT_COLOR_NAME = AccentColor;
					"CODE_SIGNING_ALLOWED[sdk=iphonesimulator*]" = NO;
					"CODE_SIGNING_REQUIRED[sdk=iphonesimulator*]" = NO;
					"CODE_SIGN_IDENTITY[sdk=iphonesimulator*]" = "";
					CODE_SIGN_STYLE = Automatic;
					CURRENT_PROJECT_VERSION = 1;
					GENERATE_INFOPLIST_FILE = NO;
					INFOPLIST_FILE = Green/Info.plist;
				IPHONEOS_DEPLOYMENT_TARGET = 16.0;
				LD_RUNPATH_SEARCH_PATHS = (
					"$(inherited)",
					"@executable_path/Frameworks",
				);
					MARKETING_VERSION = 1.0;
					PRODUCT_BUNDLE_IDENTIFIER = com.local.green;
					PRODUCT_NAME = "$(TARGET_NAME)";
					SUPPORTED_PLATFORMS = "iphoneos iphonesimulator";
					SWIFT_EMIT_LOC_STRINGS = YES;
					SWIFT_VERSION = 5.0;
					TARGETED_DEVICE_FAMILY = 1;
			};
			name = Release;
		};
/* End XCBuildConfiguration section */

/* Begin XCConfigurationList section */
		A00000000000000000000050 /* Build configuration list for PBXProject "Green" */ = {
			isa = XCConfigurationList;
			buildConfigurations = (
				A00000000000000000000052 /* Debug */,
				A00000000000000000000053 /* Release */,
			);
			defaultConfigurationIsVisible = 0;
			defaultConfigurationName = Release;
		};
		A00000000000000000000051 /* Build configuration list for PBXNativeTarget "Green" */ = {
			isa = XCConfigurationList;
			buildConfigurations = (
				A00000000000000000000054 /* Debug */,
				A00000000000000000000055 /* Release */,
			);
			defaultConfigurationIsVisible = 0;
			defaultConfigurationName = Release;
		};
/* End XCConfigurationList section */
	};
	rootObject = A00000000000000000000061 /* Project object */;
}
