// !$*UTF8*$!
{
	archiveVersion = 1;
	classes = {
	};
	objectVersion = 60;
	objects = {

/* Begin PBXBuildFile section */
		A00000000000000000000030 /* GreenApp.swift in Sources */ = {isa = PBXBuildFile; fileRef = A00000000000000000000010 /* GreenApp.swift */; };
		A00000000000000000000031 /* PlantDashboardView.swift in Sources */ = {isa = PBXBuildFile; fileRef = A00000000000000000000011 /* PlantDashboardView.swift */; };
		A00000000000000000000032 /* AppTheme.swift in Sources */ = {isa = PBXBuildFile; fileRef = A00000000000000000000012 /* AppTheme.swift */; };
		A00000000000000000000033 /* PersistenceController.swift in Sources */ = {isa = PBXBuildFile; fileRef = A00000000000000000000013 /* PersistenceController.swift */; };
		A00000000000000000000034 /* Plant+CoreDataClass.swift in Sources */ = {isa = PBXBuildFile; fileRef = A00000000000000000000014 /* Plant+CoreDataClass.swift */; };
		A00000000000000000000035 /* Plant+CoreDataProperties.swift in Sources */ = {isa = PBXBuildFile; fileRef = A00000000000000000000015 /* Plant+CoreDataProperties.swift */; };
		A00000000000000000000036 /* GrowthRecord+CoreDataClass.swift in Sources */ = {isa = PBXBuildFile; fileRef = A00000000000000000000016 /* GrowthRecord+CoreDataClass.swift */; };
		A00000000000000000000037 /* GrowthRecord+CoreDataProperties.swift in Sources */ = {isa = PBXBuildFile; fileRef = A00000000000000000000017 /* GrowthRecord+CoreDataProperties.swift */; };
		A00000000000000000000038 /* PhotoLibraryService.swift in Sources */ = {isa = PBXBuildFile; fileRef = A00000000000000000000018 /* PhotoLibraryService.swift */; };
		A00000000000000000000039 /* NotificationPermissionService.swift in Sources */ = {isa = PBXBuildFile; fileRef = A00000000000000000000019 /* NotificationPermissionService.swift */; };
		A0000000000000000000003A /* GrowthAnimationService.swift in Sources */ = {isa = PBXBuildFile; fileRef = A0000000000000000000001A /* GrowthAnimationService.swift */; };
		A0000000000000000000003B /* PlantHealthAnalysisService.swift in Sources */ = {isa = PBXBuildFile; fileRef = A0000000000000000000001B /* PlantHealthAnalysisService.swift */; };
		A0000000000000000000003C /* Assets.xcassets in Resources */ = {isa = PBXBuildFile; fileRef = A0000000000000000000001C /* Assets.xcassets */; };
		A0000000000000000000003D /* GreenModel.xcdatamodeld in Resources */ = {isa = PBXBuildFile; fileRef = A0000000000000000000001D /* GreenModel.xcdatamodeld */; };
		A00000000000000000000070 /* AppContainer.swift in Sources */ = {isa = PBXBuildFile; fileRef = A00000000000000000000076 /* AppContainer.swift */; };
		A00000000000000000000071 /* PlantRecord.swift in Sources */ = {isa = PBXBuildFile; fileRef = A00000000000000000000077 /* PlantRecord.swift */; };
		A00000000000000000000072 /* PlantDraft.swift in Sources */ = {isa = PBXBuildFile; fileRef = A00000000000000000000078 /* PlantDraft.swift */; };
		A00000000000000000000073 /* PlantRepository.swift in Sources */ = {isa = PBXBuildFile; fileRef = A00000000000000000000079 /* PlantRepository.swift */; };
		A00000000000000000000074 /* CoreDataPlantRepository.swift in Sources */ = {isa = PBXBuildFile; fileRef = A0000000000000000000007A /* CoreDataPlantRepository.swift */; };
		A00000000000000000000075 /* PlantDashboardViewModel.swift in Sources */ = {isa = PBXBuildFile; fileRef = A0000000000000000000007B /* PlantDashboardViewModel.swift */; };
		A00000000000000000000088 /* PlantDetailViewModel.swift in Sources */ = {isa = PBXBuildFile; fileRef = A00000000000000000000082 /* PlantDetailViewModel.swift */; };
		A00000000000000000000089 /* PlantDetailView.swift in Sources */ = {isa = PBXBuildFile; fileRef = A00000000000000000000083 /* PlantDetailView.swift */; };
		A0000000000000000000008A /* PlantFormViewModel.swift in Sources */ = {isa = PBXBuildFile; fileRef = A00000000000000000000084 /* PlantFormViewModel.swift */; };
		A0000000000000000000008B /* CameraCaptureView.swift in Sources */ = {isa = PBXBuildFile; fileRef = A00000000000000000000085 /* CameraCaptureView.swift */; };
		A0000000000000000000008C /* PhotoAssetImageView.swift in Sources */ = {isa = PBXBuildFile; fileRef = A00000000000000000000086 /* PhotoAssetImageView.swift */; };
		A0000000000000000000008D /* PlantFormView.swift in Sources */ = {isa = PBXBuildFile; fileRef = A00000000000000000000087 /* PlantFormView.swift */; };
		EE2D400D2F90ACB40014400C /* GrowthRecordEntry.swift in Sources */ = {isa = PBXBuildFile; fileRef = EE2D400C2F90ACB40014400C /* GrowthRecordEntry.swift */; };
		EE2D400F2F90ACB40014400C /* GrowthRecordDraft.swift in Sources */ = {isa = PBXBuildFile; fileRef = EE2D400E2F90ACB40014400C /* GrowthRecordDraft.swift */; };
		EE2D40112F90ACB40014400C /* GrowthRecordRepository.swift in Sources */ = {isa = PBXBuildFile; fileRef = EE2D40102F90ACB40014400C /* GrowthRecordRepository.swift */; };
		EE2D40132F90ACB40014400C /* CoreDataGrowthRecordRepository.swift in Sources */ = {isa = PBXBuildFile; fileRef = EE2D40122F90ACB40014400C /* CoreDataGrowthRecordRepository.swift */; };
		EE2D40152F90ACB40014400C /* GrowthRecordFormViewModel.swift in Sources */ = {isa = PBXBuildFile; fileRef = EE2D40142F90ACB40014400C /* GrowthRecordFormViewModel.swift */; };
		EE2D40172F90ACB40014400C /* GrowthRecordFormView.swift in Sources */ = {isa = PBXBuildFile; fileRef = EE2D40162F90ACB40014400C /* GrowthRecordFormView.swift */; };
		EE2D40192F90B1D20014400C /* GrowthJourneyStage.swift in Sources */ = {isa = PBXBuildFile; fileRef = EE2D40182F90B1D20014400C /* GrowthJourneyStage.swift */; };
		EE2D401B2F90B1D20014400C /* GrowthRecordsOverviewView.swift in Sources */ = {isa = PBXBuildFile; fileRef = EE2D401A2F90B1D20014400C /* GrowthRecordsOverviewView.swift */; };
		EE2D401D2F90B4690014400C /* GrowthTheme.swift in Sources */ = {isa = PBXBuildFile; fileRef = EE2D401C2F90B4690014400C /* GrowthTheme.swift */; };
		EE2D401F2F90B4690014400C /* GrowthThemeHeroView.swift in Sources */ = {isa = PBXBuildFile; fileRef = EE2D401E2F90B4690014400C /* GrowthThemeHeroView.swift */; };
		EE2E35AF2F9F420B00D3621A /* PlantWateringSchedule.swift in Sources */ = {isa = PBXBuildFile; fileRef = EE2E35AE2F9F420B00D3621A /* PlantWateringSchedule.swift */; };
		EE2E35B12F9F49BB00D3621A /* GrowthAnimationDescriptor.swift in Sources */ = {isa = PBXBuildFile; fileRef = EE2E35B02F9F49BB00D3621A /* GrowthAnimationDescriptor.swift */; };
		EED63E4A2F90BC30003B5427 /* GrowthThemePreferenceStore.swift in Sources */ = {isa = PBXBuildFile; fileRef = EED63E492F90BC30003B5427 /* GrowthThemePreferenceStore.swift */; };
		EED63E4C2F90BC31003B5427 /* WateringReminderService.swift in Sources */ = {isa = PBXBuildFile; fileRef = EED63E4B2F90BC30003B5427 /* WateringReminderService.swift */; };
		EED63E4E2F90BC31003B5427 /* GrowthRecordsOverviewViewModel.swift in Sources */ = {isa = PBXBuildFile; fileRef = EED63E4D2F90BC31003B5427 /* GrowthRecordsOverviewViewModel.swift */; };
/* End PBXBuildFile section */

/* Begin PBXFileReference section */
		A00000000000000000000010 /* GreenApp.swift */ = {isa = PBXFileReference; lastKnownFileType = sourcecode.swift; path = GreenApp.swift; sourceTree = "<group>"; };
		A00000000000000000000011 /* PlantDashboardView.swift */ = {isa = PBXFileReference; lastKnownFileType = sourcecode.swift; path = PlantDashboardView.swift; sourceTree = "<group>"; };
		A00000000000000000000012 /* AppTheme.swift */ = {isa = PBXFileReference; lastKnownFileType = sourcecode.swift; path = AppTheme.swift; sourceTree = "<group>"; };
		A00000000000000000000013 /* PersistenceController.swift */ = {isa = PBXFileReference; lastKnownFileType = sourcecode.swift; path = PersistenceController.swift; sourceTree = "<group>"; };
		A00000000000000000000014 /* Plant+CoreDataClass.swift */ = {isa = PBXFileReference; lastKnownFileType = sourcecode.swift; path = "Plant+CoreDataClass.swift"; sourceTree = "<group>"; };
		A00000000000000000000015 /* Plant+CoreDataProperties.swift */ = {isa = PBXFileReference; lastKnownFileType = sourcecode.swift; path = "Plant+CoreDataProperties.swift"; sourceTree = "<group>"; };
		A00000000000000000000016 /* GrowthRecord+CoreDataClass.swift */ = {isa = PBXFileReference; lastKnownFileType = sourcecode.swift; path = "GrowthRecord+CoreDataClass.swift"; sourceTree = "<group>"; };
		A00000000000000000000017 /* GrowthRecord+CoreDataProperties.swift */ = {isa = PBXFileReference; lastKnownFileType = sourcecode.swift; path = "GrowthRecord+CoreDataProperties.swift"; sourceTree = "<group>"; };
		A00000000000000000000018 /* PhotoLibraryService.swift */ = {isa = PBXFileReference; lastKnownFileType = sourcecode.swift; path = PhotoLibraryService.swift; sourceTree = "<group>"; };
		A00000000000000000000019 /* NotificationPermissionService.swift */ = {isa = PBXFileReference; lastKnownFileType = sourcecode.swift; path = NotificationPermissionService.swift; sourceTree = "<group>"; };
		A0000000000000000000001A /* GrowthAnimationService.swift */ = {isa = PBXFileReference; lastKnownFileType = sourcecode.swift; path = GrowthAnimationService.swift; sourceTree = "<group>"; };
		A0000000000000000000001B /* PlantHealthAnalysisService.swift */ = {isa = PBXFileReference; lastKnownFileType = sourcecode.swift; path = PlantHealthAnalysisService.swift; sourceTree = "<group>"; };
		A0000000000000000000001C /* Assets.xcassets */ = {isa = PBXFileReference; lastKnownFileType = folder.assetcatalog; path = Assets.xcassets; sourceTree = "<group>"; };
		A0000000000000000000001D /* GreenModel.xcdatamodeld */ = {isa = PBXFileReference; lastKnownFileType = wrapper.xcdatamodeld; path = GreenModel.xcdatamodeld; sourceTree = "<group>"; };
		A0000000000000000000001E /* Info.plist */ = {isa = PBXFileReference; lastKnownFileType = text.plist.xml; path = Info.plist; sourceTree = "<group>"; };
		A00000000000000000000025 /* Green.app */ = {isa = PBXFileReference; explicitFileType = wrapper.application; includeInIndex = 0; path = Green.app; sourceTree = BUILT_PRODUCTS_DIR; };
		A00000000000000000000076 /* AppContainer.swift */ = {isa = PBXFileReference; lastKnownFileType = sourcecode.swift; path = AppContainer.swift; sourceTree = "<group>"; };
		A00000000000000000000077 /* PlantRecord.swift */ = {isa = PBXFileReference; lastKnownFileType = sourcecode.swift; path = PlantRecord.swift; sourceTree = "<group>"; };
		A00000000000000000000078 /* PlantDraft.swift */ = {isa = PBXFileReference; lastKnownFileType = sourcecode.swift; path = PlantDraft.swift; sourceTree = "<group>"; };
		A00000000000000000000079 /* PlantRepository.swift */ = {isa = PBXFileReference; lastKnownFileType = sourcecode.swift; path = PlantRepository.swift; sourceTree = "<group>"; };
		A0000000000000000000007A /* CoreDataPlantRepository.swift */ = {isa = PBXFileReference; lastKnownFileType = sourcecode.swift; path = CoreDataPlantRepository.swift; sourceTree = "<group>"; };
		A0000000000000000000007B /* PlantDashboardViewModel.swift */ = {isa = PBXFileReference; lastKnownFileType = sourcecode.swift; path = PlantDashboardViewModel.swift; sourceTree = "<group>"; };
		A00000000000000000000082 /* PlantDetailViewModel.swift */ = {isa = PBXFileReference; lastKnownFileType = sourcecode.swift; path = PlantDetailViewModel.swift; sourceTree = "<group>"; };
		A00000000000000000000083 /* PlantDetailView.swift */ = {isa = PBXFileReference; lastKnownFileType = sourcecode.swift; path = PlantDetailView.swift; sourceTree = "<group>"; };
		A00000000000000000000084 /* PlantFormViewModel.swift */ = {isa = PBXFileReference; lastKnownFileType = sourcecode.swift; path = PlantFormViewModel.swift; sourceTree = "<group>"; };
		A00000000000000000000085 /* CameraCaptureView.swift */ = {isa = PBXFileReference; lastKnownFileType = sourcecode.swift; path = CameraCaptureView.swift; sourceTree = "<group>"; };
		A00000000000000000000086 /* PhotoAssetImageView.swift */ = {isa = PBXFileReference; lastKnownFileType = sourcecode.swift; path = PhotoAssetImageView.swift; sourceTree = "<group>"; };
		A00000000000000000000087 /* PlantFormView.swift */ = {isa = PBXFileReference; lastKnownFileType = sourcecode.swift; path = PlantFormView.swift; sourceTree = "<group>"; };
		EE2D400C2F90ACB40014400C /* GrowthRecordEntry.swift */ = {isa = PBXFileReference; lastKnownFileType = sourcecode.swift; path = GrowthRecordEntry.swift; sourceTree = "<group>"; };
		EE2D400E2F90ACB40014400C /* GrowthRecordDraft.swift */ = {isa = PBXFileReference; lastKnownFileType = sourcecode.swift; path = GrowthRecordDraft.swift; sourceTree = "<group>"; };
		EE2D40102F90ACB40014400C /* GrowthRecordRepository.swift */ = {isa = PBXFileReference; lastKnownFileType = sourcecode.swift; path = GrowthRecordRepository.swift; sourceTree = "<group>"; };
		EE2D40122F90ACB40014400C /* CoreDataGrowthRecordRepository.swift */ = {isa = PBXFileReference; lastKnownFileType = sourcecode.swift; path = CoreDataGrowthRecordRepository.swift; sourceTree = "<group>"; };
		EE2D40142F90ACB40014400C /* GrowthRecordFormViewModel.swift */ = {isa = PBXFileReference; lastKnownFileType = sourcecode.swift; path = GrowthRecordFormViewModel.swift; sourceTree = "<group>"; };
		EE2D40162F90ACB40014400C /* GrowthRecordFormView.swift */ = {isa = PBXFileReference; lastKnownFileType = sourcecode.swift; path = GrowthRecordFormView.swift; sourceTree = "<group>"; };
		EE2D40182F90B1D20014400C /* GrowthJourneyStage.swift */ = {isa = PBXFileReference; lastKnownFileType = sourcecode.swift; path = GrowthJourneyStage.swift; sourceTree = "<group>"; };
		EE2D401A2F90B1D20014400C /* GrowthRecordsOverviewView.swift */ = {isa = PBXFileReference; lastKnownFileType = sourcecode.swift; path = GrowthRecordsOverviewView.swift; sourceTree = "<group>"; };
		EE2D401C2F90B4690014400C /* GrowthTheme.swift */ = {isa = PBXFileReference; lastKnownFileType = sourcecode.swift; path = GrowthTheme.swift; sourceTree = "<group>"; };
		EE2D401E2F90B4690014400C /* GrowthThemeHeroView.swift */ = {isa = PBXFileReference; lastKnownFileType = sourcecode.swift; path = GrowthThemeHeroView.swift; sourceTree = "<group>"; };
		EE2E35AE2F9F420B00D3621A /* PlantWateringSchedule.swift */ = {isa = PBXFileReference; lastKnownFileType = sourcecode.swift; path = PlantWateringSchedule.swift; sourceTree = "<group>"; };
		EE2E35B02F9F49BB00D3621A /* GrowthAnimationDescriptor.swift */ = {isa = PBXFileReference; lastKnownFileType = sourcecode.swift; path = GrowthAnimationDescriptor.swift; sourceTree = "<group>"; };
		EED63E492F90BC30003B5427 /* GrowthThemePreferenceStore.swift */ = {isa = PBXFileReference; lastKnownFileType = sourcecode.swift; path = GrowthThemePreferenceStore.swift; sourceTree = "<group>"; };
		EED63E4B2F90BC30003B5427 /* WateringReminderService.swift */ = {isa = PBXFileReference; lastKnownFileType = sourcecode.swift; path = WateringReminderService.swift; sourceTree = "<group>"; };
		EED63E4D2F90BC31003B5427 /* GrowthRecordsOverviewViewModel.swift */ = {isa = PBXFileReference; lastKnownFileType = sourcecode.swift; path = GrowthRecordsOverviewViewModel.swift; sourceTree = "<group>"; };
/* End PBXFileReference section */

/* Begin PBXFrameworksBuildPhase section */
		A00000000000000000000041 /* Frameworks */ = {
			isa = PBXFrameworksBuildPhase;
			buildActionMask = 2147483647;
			files = (
			);
			runOnlyForDeploymentPostprocessing = 0;
		};
/* End PBXFrameworksBuildPhase section */

/* Begin PBXGroup section */
		A00000000000000000000002 = {
			isa = PBXGroup;
			children = (
				A00000000000000000000004 /* Green */,
				A00000000000000000000003 /* Products */,
			);
			sourceTree = "<group>";
		};
		A00000000000000000000003 /* Products */ = {
			isa = PBXGroup;
			children = (
				A00000000000000000000025 /* Green.app */,
			);
			name = Products;
			sourceTree = "<group>";
		};
		A00000000000000000000004 /* Green */ = {
			isa = PBXGroup;
			children = (
				A0000000000000000000007C /* App */,
				A00000000000000000000010 /* GreenApp.swift */,
				A00000000000000000000022 /* Features */,
				A0000000000000000000007D /* Domain */,
				A0000000000000000000007E /* Data */,
				A00000000000000000000020 /* DesignSystem */,
				A00000000000000000000021 /* Persistence */,
				A00000000000000000000024 /* Services */,
				A0000000000000000000001C /* Assets.xcassets */,
				A0000000000000000000001D /* GreenModel.xcdatamodeld */,
				A0000000000000000000001E /* Info.plist */,
			);
			path = Green;
			sourceTree = "<group>";
		};
		A00000000000000000000020 /* DesignSystem */ = {
			isa = PBXGroup;
			children = (
				A00000000000000000000012 /* AppTheme.swift */,
			);
			path = DesignSystem;
			sourceTree = "<group>";
		};
		A00000000000000000000021 /* Persistence */ = {
			isa = PBXGroup;
			children = (
				A00000000000000000000013 /* PersistenceController.swift */,
				A00000000000000000000014 /* Plant+CoreDataClass.swift */,
				A00000000000000000000015 /* Plant+CoreDataProperties.swift */,
				A00000000000000000000016 /* GrowthRecord+CoreDataClass.swift */,
				A00000000000000000000017 /* GrowthRecord+CoreDataProperties.swift */,
			);
			path = Persistence;
			sourceTree = "<group>";
		};
		A00000000000000000000022 /* Features */ = {
			isa = PBXGroup;
			children = (
				A00000000000000000000023 /* Plants */,
				EE2D400B2F90AB9C0014400C /* GrowthRecords */,
			);
			path = Features;
			sourceTree = "<group>";
		};
		A00000000000000000000023 /* Plants */ = {
			isa = PBXGroup;
			children = (
				A00000000000000000000011 /* PlantDashboardView.swift */,
				A0000000000000000000007B /* PlantDashboardViewModel.swift */,
				A00000000000000000000083 /* PlantDetailView.swift */,
				A00000000000000000000082 /* PlantDetailViewModel.swift */,
				A00000000000000000000087 /* PlantFormView.swift */,
				A00000000000000000000084 /* PlantFormViewModel.swift */,
				A00000000000000000000086 /* PhotoAssetImageView.swift */,
				A00000000000000000000085 /* CameraCaptureView.swift */,
			);
			path = Plants;
			sourceTree = "<group>";
		};
		A00000000000000000000024 /* Services */ = {
			isa = PBXGroup;
			children = (
				A00000000000000000000018 /* PhotoLibraryService.swift */,
				A00000000000000000000019 /* NotificationPermissionService.swift */,
				A0000000000000000000001A /* GrowthAnimationService.swift */,
				A0000000000000000000001B /* PlantHealthAnalysisService.swift */,
				EED63E492F90BC30003B5427 /* GrowthThemePreferenceStore.swift */,
				EED63E4B2F90BC30003B5427 /* WateringReminderService.swift */,
				EE2E35B02F9F49BB00D3621A /* GrowthAnimationDescriptor.swift */,
			);
			path = Services;
			sourceTree = "<group>";
		};
		A0000000000000000000007C /* App */ = {
			isa = PBXGroup;
			children = (
				A00000000000000000000076 /* AppContainer.swift */,
			);
			path = App;
			sourceTree = "<group>";
		};
		A0000000000000000000007D /* Domain */ = {
			isa = PBXGroup;
			children = (
				A00000000000000000000080 /* Plants */,
				EE2D40092F90AB9C0014400C /* GrowthRecords */,
			);
			path = Domain;
			sourceTree = "<group>";
		};
		A0000000000000000000007E /* Data */ = {
			isa = PBXGroup;
			children = (
				A00000000000000000000081 /* Plants */,
				EE2D400A2F90AB9C0014400C /* GrowthRecords */,
			);
			path = Data;
			sourceTree = "<group>";
		};
		A00000000000000000000080 /* Plants */ = {
			isa = PBXGroup;
			children = (
				A00000000000000000000077 /* PlantRecord.swift */,
				A00000000000000000000078 /* PlantDraft.swift */,
				EE2E35AE2F9F420B00D3621A /* PlantWateringSchedule.swift */,
			);
			path = Plants;
			sourceTree = "<group>";
		};
		A00000000000000000000081 /* Plants */ = {
			isa = PBXGroup;
			children = (
				A00000000000000000000079 /* PlantRepository.swift */,
				A0000000000000000000007A /* CoreDataPlantRepository.swift */,
			);
			path = Plants;
			sourceTree = "<group>";
		};
		EE2D40092F90AB9C0014400C /* GrowthRecords */ = {
			isa = PBXGroup;
			children = (
				EE2D400C2F90ACB40014400C /* GrowthRecordEntry.swift */,
				EE2D400E2F90ACB40014400C /* GrowthRecordDraft.swift */,
				EE2D40182F90B1D20014400C /* GrowthJourneyStage.swift */,
				EE2D401C2F90B4690014400C /* GrowthTheme.swift */,
			);
			path = GrowthRecords;
			sourceTree = "<group>";
		};
		EE2D400A2F90AB9C0014400C /* GrowthRecords */ = {
			isa = PBXGroup;
			children = (
				EE2D40102F90ACB40014400C /* GrowthRecordRepository.swift */,
				EE2D40122F90ACB40014400C /* CoreDataGrowthRecordRepository.swift */,
			);
			path = GrowthRecords;
			sourceTree = "<group>";
		};
		EE2D400B2F90AB9C0014400C /* GrowthRecords */ = {
			isa = PBXGroup;
			children = (
				EE2D40142F90ACB40014400C /* GrowthRecordFormViewModel.swift */,
				EE2D40162F90ACB40014400C /* GrowthRecordFormView.swift */,
				EE2D401A2F90B1D20014400C /* GrowthRecordsOverviewView.swift */,
				EE2D401E2F90B4690014400C /* GrowthThemeHeroView.swift */,
				EED63E4D2F90BC31003B5427 /* GrowthRecordsOverviewViewModel.swift */,
			);
			path = GrowthRecords;
			sourceTree = "<group>";
		};
/* End PBXGroup section */

/* Begin PBXNativeTarget section */
		A00000000000000000000060 /* Green */ = {
			isa = PBXNativeTarget;
			buildConfigurationList = A00000000000000000000051 /* Build configuration list for PBXNativeTarget "Green" */;
			buildPhases = (
				A00000000000000000000040 /* Sources */,
				A00000000000000000000041 /* Frameworks */,
				A00000000000000000000042 /* Resources */,
			);
			buildRules = (
			);
			dependencies = (
			);
			name = Green;
			productName = Green;
			productReference = A00000000000000000000025 /* Green.app */;
			productType = "com.apple.product-type.application";
		};
/* End PBXNativeTarget section */

/* Begin PBXProject section */
		A00000000000000000000061 /* Project object */ = {
			isa = PBXProject;
			attributes = {
				BuildIndependentTargetsInParallel = 1;
				LastUpgradeCheck = 2604;
				TargetAttributes = {
					A00000000000000000000060 = {
						CreatedOnToolsVersion = 26.4;
					};
				};
			};
			buildConfigurationList = A00000000000000000000050 /* Build configuration list for PBXProject "Green" */;
			compatibilityVersion = "Xcode 15.0";
			developmentRegion = en;
			hasScannedForEncodings = 0;
			knownRegions = (
				en,
				Base,
			);
			mainGroup = A00000000000000000000002;
			productRefGroup = A00000000000000000000003 /* Products */;
			projectDirPath = "";
			projectRoot = "";
			targets = (
				A00000000000000000000060 /* Green */,
			);
		};
/* End PBXProject section */

/* Begin PBXResourcesBuildPhase section */
		A00000000000000000000042 /* Resources */ = {
			isa = PBXResourcesBuildPhase;
			buildActionMask = 2147483647;
			files = (
				A0000000000000000000003C /* Assets.xcassets in Resources */,
				A0000000000000000000003D /* GreenModel.xcdatamodeld in Resources */,
			);
			runOnlyForDeploymentPostprocessing = 0;
		};
/* End PBXResourcesBuildPhase section */

/* Begin PBXSourcesBuildPhase section */
		A00000000000000000000040 /* Sources */ = {
			isa = PBXSourcesBuildPhase;
			buildActionMask = 2147483647;
			files = (
				A00000000000000000000030 /* GreenApp.swift in Sources */,
				A00000000000000000000031 /* PlantDashboardView.swift in Sources */,
				EE2D40172F90ACB40014400C /* GrowthRecordFormView.swift in Sources */,
				A00000000000000000000032 /* AppTheme.swift in Sources */,
				EED63E4C2F90BC31003B5427 /* WateringReminderService.swift in Sources */,
				A00000000000000000000033 /* PersistenceController.swift in Sources */,
				EE2D40132F90ACB40014400C /* CoreDataGrowthRecordRepository.swift in Sources */,
				A00000000000000000000034 /* Plant+CoreDataClass.swift in Sources */,
				A00000000000000000000035 /* Plant+CoreDataProperties.swift in Sources */,
				A00000000000000000000036 /* GrowthRecord+CoreDataClass.swift in Sources */,
				A00000000000000000000037 /* GrowthRecord+CoreDataProperties.swift in Sources */,
				A00000000000000000000038 /* PhotoLibraryService.swift in Sources */,
				EE2D401F2F90B4690014400C /* GrowthThemeHeroView.swift in Sources */,
				A00000000000000000000039 /* NotificationPermissionService.swift in Sources */,
				EE2D400D2F90ACB40014400C /* GrowthRecordEntry.swift in Sources */,
				A0000000000000000000003A /* GrowthAnimationService.swift in Sources */,
				EED63E4A2F90BC30003B5427 /* GrowthThemePreferenceStore.swift in Sources */,
				EE2E35B12F9F49BB00D3621A /* GrowthAnimationDescriptor.swift in Sources */,
				EE2E35AF2F9F420B00D3621A /* PlantWateringSchedule.swift in Sources */,
				A0000000000000000000003B /* PlantHealthAnalysisService.swift in Sources */,
				A00000000000000000000070 /* AppContainer.swift in Sources */,
				EE2D401D2F90B4690014400C /* GrowthTheme.swift in Sources */,
				EED63E4E2F90BC31003B5427 /* GrowthRecordsOverviewViewModel.swift in Sources */,
				EE2D40152F90ACB40014400C /* GrowthRecordFormViewModel.swift in Sources */,
				A00000000000000000000071 /* PlantRecord.swift in Sources */,
				A00000000000000000000072 /* PlantDraft.swift in Sources */,
				A00000000000000000000073 /* PlantRepository.swift in Sources */,
				EE2D400F2F90ACB40014400C /* GrowthRecordDraft.swift in Sources */,
				A00000000000000000000074 /* CoreDataPlantRepository.swift in Sources */,
				A00000000000000000000075 /* PlantDashboardViewModel.swift in Sources */,
				A00000000000000000000088 /* PlantDetailViewModel.swift in Sources */,
				A00000000000000000000089 /* PlantDetailView.swift in Sources */,
				EE2D401B2F90B1D20014400C /* GrowthRecordsOverviewView.swift in Sources */,
				A0000000000000000000008A /* PlantFormViewModel.swift in Sources */,
				A0000000000000000000008B /* CameraCaptureView.swift in Sources */,
				A0000000000000000000008C /* PhotoAssetImageView.swift in Sources */,
				A0000000000000000000008D /* PlantFormView.swift in Sources */,
				EE2D40112F90ACB40014400C /* GrowthRecordRepository.swift in Sources */,
				EE2D40192F90B1D20014400C /* GrowthJourneyStage.swift in Sources */,
			);
			runOnlyForDeploymentPostprocessing = 0;
		};
/* End PBXSourcesBuildPhase section */

/* Begin XCBuildConfiguration section */
		A00000000000000000000052 /* Debug */ = {
			isa = XCBuildConfiguration;
			buildSettings = {
				ALWAYS_SEARCH_USER_PATHS = NO;
				CLANG_ANALYZER_NONNULL = YES;
				CLANG_ANALYZER_NUMBER_OBJECT_CONVERSION = YES_AGGRESSIVE;
				CLANG_CXX_LANGUAGE_STANDARD = "gnu++20";
				CLANG_ENABLE_MODULES = YES;
				CLANG_ENABLE_OBJC_ARC = YES;
				CLANG_WARN_BLOCK_CAPTURE_AUTORELEASING = YES;
				CLANG_WARN_BOOL_CONVERSION = YES;
				CLANG_WARN_COMMA = YES;
				CLANG_WARN_CONSTANT_CONVERSION = YES;
				CLANG_WARN_DEPRECATED_OBJC_IMPLEMENTATIONS = YES;
				CLANG_WARN_DIRECT_OBJC_ISA_USAGE = YES_ERROR;
				CLANG_WARN_DOCUMENTATION_COMMENTS = YES;
				CLANG_WARN_EMPTY_BODY = YES;
				CLANG_WARN_ENUM_CONVERSION = YES;
				CLANG_WARN_INFINITE_RECURSION = YES;
				CLANG_WARN_INT_CONVERSION = YES;
				CLANG_WARN_NON_LITERAL_NULL_CONVERSION = YES;
				CLANG_WARN_OBJC_IMPLICIT_RETAIN_SELF = YES;
				CLANG_WARN_OBJC_LITERAL_CONVERSION = YES;
				CLANG_WARN_OBJC_ROOT_CLASS = YES_ERROR;
				CLANG_WARN_QUOTED_INCLUDE_IN_FRAMEWORK_HEADER = YES;
				CLANG_WARN_RANGE_LOOP_ANALYSIS = YES;
				CLANG_WARN_STRICT_PROTOTYPES = YES;
				CLANG_WARN_SUSPICIOUS_MOVE = YES;
				CLANG_WARN_UNGUARDED_AVAILABILITY = YES_AGGRESSIVE;
				CLANG_WARN_UNREACHABLE_CODE = YES;
				CLANG_WARN__DUPLICATE_METHOD_MATCH = YES;
				COPY_PHASE_STRIP = NO;
				DEBUG_INFORMATION_FORMAT = dwarf;
				ENABLE_STRICT_OBJC_MSGSEND = YES;
				ENABLE_TESTABILITY = YES;
				GCC_C_LANGUAGE_STANDARD = gnu17;
				GCC_DYNAMIC_NO_PIC = NO;
				GCC_NO_COMMON_BLOCKS = YES;
				GCC_OPTIMIZATION_LEVEL = 0;
				GCC_PREPROCESSOR_DEFINITIONS = (
					"DEBUG=1",
					"$(inherited)",
				);
				GCC_WARN_64_TO_32_BIT_CONVERSION = YES;
				GCC_WARN_ABOUT_RETURN_TYPE = YES_ERROR;
				GCC_WARN_UNDECLARED_SELECTOR = YES;
				GCC_WARN_UNINITIALIZED_AUTOS = YES_AGGRESSIVE;
				GCC_WARN_UNUSED_FUNCTION = YES;
				GCC_WARN_UNUSED_VARIABLE = YES;
				IPHONEOS_DEPLOYMENT_TARGET = 16.0;
				LOCALIZATION_PREFERS_STRING_CATALOGS = YES;
				MTL_ENABLE_DEBUG_INFO = INCLUDE_SOURCE;
				MTL_FAST_MATH = YES;
				ONLY_ACTIVE_ARCH = YES;
				SWIFT_ACTIVE_COMPILATION_CONDITIONS = DEBUG;
			};
			name = Debug;
		};
		A00000000000000000000053 /* Release */ = {
			isa = XCBuildConfiguration;
			buildSettings = {
				ALWAYS_SEARCH_USER_PATHS = NO;
				CLANG_ANALYZER_NONNULL = YES;
				CLANG_ANALYZER_NUMBER_OBJECT_CONVERSION = YES_AGGRESSIVE;
				CLANG_CXX_LANGUAGE_STANDARD = "gnu++20";
				CLANG_ENABLE_MODULES = YES;
				CLANG_ENABLE_OBJC_ARC = YES;
				CLANG_WARN_BLOCK_CAPTURE_AUTORELEASING = YES;
				CLANG_WARN_BOOL_CONVERSION = YES;
				CLANG_WARN_COMMA = YES;
				CLANG_WARN_CONSTANT_CONVERSION = YES;
				CLANG_WARN_DEPRECATED_OBJC_IMPLEMENTATIONS = YES;
				CLANG_WARN_DIRECT_OBJC_ISA_USAGE = YES_ERROR;
				CLANG_WARN_DOCUMENTATION_COMMENTS = YES;
				CLANG_WARN_EMPTY_BODY = YES;
				CLANG_WARN_ENUM_CONVERSION = YES;
				CLANG_WARN_INFINITE_RECURSION = YES;
				CLANG_WARN_INT_CONVERSION = YES;
				CLANG_WARN_NON_LITERAL_NULL_CONVERSION = YES;
				CLANG_WARN_OBJC_IMPLICIT_RETAIN_SELF = YES;
				CLANG_WARN_OBJC_LITERAL_CONVERSION = YES;
				CLANG_WARN_OBJC_ROOT_CLASS = YES_ERROR;
				CLANG_WARN_QUOTED_INCLUDE_IN_FRAMEWORK_HEADER = YES;
				CLANG_WARN_RANGE_LOOP_ANALYSIS = YES;
				CLANG_WARN_STRICT_PROTOTYPES = YES;
				CLANG_WARN_SUSPICIOUS_MOVE = YES;
				CLANG_WARN_UNGUARDED_AVAILABILITY = YES_AGGRESSIVE;
				CLANG_WARN_UNREACHABLE_CODE = YES;
				CLANG_WARN__DUPLICATE_METHOD_MATCH = YES;
				COPY_PHASE_STRIP = NO;
				DEBUG_INFORMATION_FORMAT = "dwarf-with-dsym";
				ENABLE_NS_ASSERTIONS = NO;
				ENABLE_STRICT_OBJC_MSGSEND = YES;
				GCC_C_LANGUAGE_STANDARD = gnu17;
				GCC_NO_COMMON_BLOCKS = YES;
				GCC_WARN_64_TO_32_BIT_CONVERSION = YES;
				GCC_WARN_ABOUT_RETURN_TYPE = YES_ERROR;
				GCC_WARN_UNDECLARED_SELECTOR = YES;
				GCC_WARN_UNINITIALIZED_AUTOS = YES_AGGRESSIVE;
				GCC_WARN_UNUSED_FUNCTION = YES;
				GCC_WARN_UNUSED_VARIABLE = YES;
				IPHONEOS_DEPLOYMENT_TARGET = 16.0;
				LOCALIZATION_PREFERS_STRING_CATALOGS = YES;
				MTL_FAST_MATH = YES;
				SWIFT_COMPILATION_MODE = wholemodule;
				VALIDATE_PRODUCT = YES;
			};
			name = Release;
		};
		A00000000000000000000054 /* Debug */ = {
			isa = XCBuildConfiguration;
			buildSettings = {
				ASSETCATALOG_COMPILER_APPICON_NAME = AppIcon;
				ASSETCATALOG_COMPILER_GLOBAL_ACCENT_COLOR_NAME = AccentColor;
				"CODE_SIGNING_ALLOWED[sdk=iphonesimulator*]" = NO;
				"CODE_SIGNING_REQUIRED[sdk=iphonesimulator*]" = NO;
				"CODE_SIGN_IDENTITY[sdk=iphonesimulator*]" = "";
				CODE_SIGN_STYLE = Automatic;
				CURRENT_PROJECT_VERSION = 1;
				GENERATE_INFOPLIST_FILE = NO;
				INFOPLIST_FILE = Green/Info.plist;
				IPHONEOS_DEPLOYMENT_TARGET = 16.6;
				LD_RUNPATH_SEARCH_PATHS = (
					"$(inherited)",
					"@executable_path/Frameworks",
				);
				MARKETING_VERSION = 1.0;
				PRODUCT_BUNDLE_IDENTIFIER = com.local.green;
				PRODUCT_NAME = "$(TARGET_NAME)";
				SUPPORTED_PLATFORMS = "iphoneos iphonesimulator";
				SWIFT_EMIT_LOC_STRINGS = YES;
				SWIFT_VERSION = 5.0;
				TARGETED_DEVICE_FAMILY = 1;
			};
			name = Debug;
		};
		A00000000000000000000055 /* Release */ = {
			isa = XCBuildConfiguration;
			buildSettings = {
				ASSETCATALOG_COMPILER_APPICON_NAME = AppIcon;
				ASSETCATALOG_COMPILER_GLOBAL_ACCENT_COLOR_NAME = AccentColor;
				"CODE_SIGNING_ALLOWED[sdk=iphonesimulator*]" = NO;
				"CODE_SIGNING_REQUIRED[sdk=iphonesimulator*]" = NO;
				"CODE_SIGN_IDENTITY[sdk=iphonesimulator*]" = "";
				CODE_SIGN_STYLE = Automatic;
				CURRENT_PROJECT_VERSION = 1;
				GENERATE_INFOPLIST_FILE = NO;
				INFOPLIST_FILE = Green/Info.plist;
				IPHONEOS_DEPLOYMENT_TARGET = 16.6;
				LD_RUNPATH_SEARCH_PATHS = (
					"$(inherited)",
					"@executable_path/Frameworks",
				);
				MARKETING_VERSION = 1.0;
				PRODUCT_BUNDLE_IDENTIFIER = com.local.green;
				PRODUCT_NAME = "$(TARGET_NAME)";
				SUPPORTED_PLATFORMS = "iphoneos iphonesimulator";
				SWIFT_EMIT_LOC_STRINGS = YES;
				SWIFT_VERSION = 5.0;
				TARGETED_DEVICE_FAMILY = 1;
			};
			name = Release;
		};
/* End XCBuildConfiguration section */

/* Begin XCConfigurationList section */
		A00000000000000000000050 /* Build configuration list for PBXProject "Green" */ = {
			isa = XCConfigurationList;
			buildConfigurations = (
				A00000000000000000000052 /* Debug */,
				A00000000000000000000053 /* Release */,
			);
			defaultConfigurationIsVisible = 0;
			defaultConfigurationName = Release;
		};
		A00000000000000000000051 /* Build configuration list for PBXNativeTarget "Green" */ = {
			isa = XCConfigurationList;
			buildConfigurations = (
				A00000000000000000000054 /* Debug */,
				A00000000000000000000055 /* Release */,
			);
			defaultConfigurationIsVisible = 0;
			defaultConfigurationName = Release;
		};
/* End XCConfigurationList section */
	};
	rootObject = A00000000000000000000061 /* Project object */;
}
